
Microsoft Visual Studio Solution File, Format Version 12.00
# Visual Studio 15
VisualStudioVersion = 15.0.28307.1000
MinimumVisualStudioVersion = 10.0.40219.1
Project("{FAE04EC0-301F-11D3-BF4B-00C04F79EFBC}") = "Recipes", "Recipes\Recipes.csproj", "{C979DE1E-601A-4703-AECD-3A933C3F610C}"
EndProject
Project("{FAE04EC0-301F-11D3-BF4B-00C04F79EFBC}") = "Recipes.Tests", "Recipes.Tests\Recipes.Tests.csproj", "{7AFE2105-AC43-4E25-86A9-331DC51D1BCD}"
EndProject
Global
	GlobalSection(SolutionConfigurationPlatforms) = preSolution
		Debug|Any CPU = Debug|Any CPU
		Release|Any CPU = Release|Any CPU
	EndGlobalSection
	GlobalSection(ProjectConfigurationPlatforms) = postSolution
		{C979DE1E-601A-4703-AECD-3A933C3F610C}.Debug|Any CPU.ActiveCfg = Debug|Any CPU
		{C979DE1E-601A-4703-AECD-3A933C3F610C}.Debug|Any CPU.Build.0 = Debug|Any CPU
		{C979DE1E-601A-4703-AECD-3A933C3F610C}.Release|Any CPU.ActiveCfg = Release|Any CPU
		{C979DE1E-601A-4703-AECD-3A933C3F610C}.Release|Any CPU.Build.0 = Release|Any CPU
		{7AFE2105-AC43-4E25-86A9-331DC51D1BCD}.Debug|Any CPU.ActiveCfg = Debug|Any CPU
		{7AFE2105-AC43-4E25-86A9-331DC51D1BCD}.Debug|Any CPU.Build.0 = Debug|Any CPU
		{7AFE2105-AC43-4E25-86A9-331DC51D1BCD}.Release|Any CPU.ActiveCfg = Release|Any CPU
		{7AFE2105-AC43-4E25-86A9-331DC51D1BCD}.Release|Any CPU.Build.0 = Release|Any CPU
	EndGlobalSection
	GlobalSection(SolutionProperties) = preSolution
		HideSolutionNode = FALSE
	EndGlobalSection
	GlobalSection(ExtensibilityGlobals) = postSolution
		SolutionGuid = {17F41F51-DE8F-403F-99A4-A4EE1CC249EE}
	EndGlobalSection
EndGlobal
